// !$*UTF8*$!
{
	archiveVersion = 1;
	classes = {
	};
	objectVersion = 77;
	objects = {

/* Begin PBXBuildFile section */
		F9841A922DA5675F0010B2AD /* Assets.xcassets in Resources */ = {isa = PBXBuildFile; fileRef = F9841A892DA5675F0010B2AD /* Assets.xcassets */; };
		F9841A942DA5675F0010B2AD /* LaunchScreen.storyboard in Resources */ = {isa = PBXBuildFile; fileRef = F9841A8C2DA5675F0010B2AD /* LaunchScreen.storyboard */; };
		F9841A952DA5675F0010B2AD /* Main.storyboard in Resources */ = {isa = PBXBuildFile; fileRef = F9841A8E2DA5675F0010B2AD /* Main.storyboard */; };
		F9841A962DA5675F0010B2AD /* AppDelegate.swift in Sources */ = {isa = PBXBuildFile; fileRef = F9841A882DA5675F0010B2AD /* AppDelegate.swift */; };
		F9841A972DA5675F0010B2AD /* SceneDelegate.swift in Sources */ = {isa = PBXBuildFile; fileRef = F9841A8F2DA5675F0010B2AD /* SceneDelegate.swift */; };
		F9841A982DA5675F0010B2AD /* ViewController.swift in Sources */ = {isa = PBXBuildFile; fileRef = F9841A902DA5675F0010B2AD /* ViewController.swift */; };
		F9841AA72DA56BDB0010B2AD /* Pods_RxSwiftBasic.framework in Frameworks */ = {isa = PBXBuildFile; fileRef = F9841AA62DA56BDB0010B2AD /* Pods_RxSwiftBasic.framework */; };
		F9841AA82DA56BDB0010B2AD /* Pods_RxSwiftBasic.framework in Embed Frameworks */ = {isa = PBXBuildFile; fileRef = F9841AA62DA56BDB0010B2AD /* Pods_RxSwiftBasic.framework */; settings = {ATTRIBUTES = (CodeSignOnCopy, RemoveHeadersOnCopy, ); }; };
/* End PBXBuildFile section */

/* Begin PBXCopyFilesBuildPhase section */
		F9841AA92DA56BDB0010B2AD /* Embed Frameworks */ = {
			isa = PBXCopyFilesBuildPhase;
			buildActionMask = 2147483647;
			dstPath = "";
			dstSubfolderSpec = 10;
			files = (
				F9841AA82DA56BDB0010B2AD /* Pods_RxSwiftBasic.framework in Embed Frameworks */,
			);
			name = "Embed Frameworks";
			runOnlyForDeploymentPostprocessing = 0;
		};
/* End PBXCopyFilesBuildPhase section */

/* Begin PBXFileReference section */
		5013EA5AD3BE2883CC333EE6 /* Pods_RxSwiftBasic.framework */ = {isa = PBXFileReference; explicitFileType = wrapper.framework; includeInIndex = 0; path = Pods_RxSwiftBasic.framework; sourceTree = BUILT_PRODUCTS_DIR; };
		7C9E4D9CE72045BE487408E1 /* Pods-RxSwiftBasic.debug.xcconfig */ = {isa = PBXFileReference; includeInIndex = 1; lastKnownFileType = text.xcconfig; name = "Pods-RxSwiftBasic.debug.xcconfig"; path = "Target Support Files/Pods-RxSwiftBasic/Pods-RxSwiftBasic.debug.xcconfig"; sourceTree = "<group>"; };
		98655A432E7FB330AE95847C /* Pods-RxSwiftBasic.release.xcconfig */ = {isa = PBXFileReference; includeInIndex = 1; lastKnownFileType = text.xcconfig; name = "Pods-RxSwiftBasic.release.xcconfig"; path = "Target Support Files/Pods-RxSwiftBasic/Pods-RxSwiftBasic.release.xcconfig"; sourceTree = "<group>"; };
		F9841A602DA566230010B2AD /* RxSwiftBasic.app */ = {isa = PBXFileReference; explicitFileType = wrapper.application; includeInIndex = 0; path = RxSwiftBasic.app; sourceTree = BUILT_PRODUCTS_DIR; };
		F9841A882DA5675F0010B2AD /* AppDelegate.swift */ = {isa = PBXFileReference; lastKnownFileType = sourcecode.swift; path = AppDelegate.swift; sourceTree = "<group>"; };
		F9841A892DA5675F0010B2AD /* Assets.xcassets */ = {isa = PBXFileReference; lastKnownFileType = folder.assetcatalog; path = Assets.xcassets; sourceTree = "<group>"; };
		F9841A8A2DA5675F0010B2AD /* Info.plist */ = {isa = PBXFileReference; lastKnownFileType = text.plist.xml; path = Info.plist; sourceTree = "<group>"; };
		F9841A8B2DA5675F0010B2AD /* Base */ = {isa = PBXFileReference; lastKnownFileType = file.storyboard; name = Base; path = Base.lproj/LaunchScreen.storyboard; sourceTree = "<group>"; };
		F9841A8D2DA5675F0010B2AD /* Base */ = {isa = PBXFileReference; lastKnownFileType = file.storyboard; name = Base; path = Base.lproj/Main.storyboard; sourceTree = "<group>"; };
		F9841A8F2DA5675F0010B2AD /* SceneDelegate.swift */ = {isa = PBXFileReference; lastKnownFileType = sourcecode.swift; path = SceneDelegate.swift; sourceTree = "<group>"; };
		F9841A902DA5675F0010B2AD /* ViewController.swift */ = {isa = PBXFileReference; lastKnownFileType = sourcecode.swift; path = ViewController.swift; sourceTree = "<group>"; };
		F9841A992DA56B810010B2AD /* RxCocoa.framework */ = {isa = PBXFileReference; explicitFileType = wrapper.framework; path = RxCocoa.framework; sourceTree = BUILT_PRODUCTS_DIR; };
		F9841A9A2DA56B810010B2AD /* RxRelay.framework */ = {isa = PBXFileReference; explicitFileType = wrapper.framework; path = RxRelay.framework; sourceTree = BUILT_PRODUCTS_DIR; };
		F9841A9B2DA56B810010B2AD /* RxSwift.framework */ = {isa = PBXFileReference; explicitFileType = wrapper.framework; path = RxSwift.framework; sourceTree = BUILT_PRODUCTS_DIR; };
		F9841AA32DA56BBD0010B2AD /* SwiftyJSON.framework */ = {isa = PBXFileReference; explicitFileType = wrapper.framework; path = SwiftyJSON.framework; sourceTree = BUILT_PRODUCTS_DIR; };
		F9841AA62DA56BDB0010B2AD /* Pods_RxSwiftBasic.framework */ = {isa = PBXFileReference; explicitFileType = wrapper.framework; path = Pods_RxSwiftBasic.framework; sourceTree = BUILT_PRODUCTS_DIR; };
/* End PBXFileReference section */

/* Begin PBXFrameworksBuildPhase section */
		F9841A5D2DA566230010B2AD /* Frameworks */ = {
			isa = PBXFrameworksBuildPhase;
			buildActionMask = 2147483647;
			files = (
				F9841AA72DA56BDB0010B2AD /* Pods_RxSwiftBasic.framework in Frameworks */,
			);
			runOnlyForDeploymentPostprocessing = 0;
		};
/* End PBXFrameworksBuildPhase section */

/* Begin PBXGroup section */
		1B660C085C1A408229223EAD /* Frameworks */ = {
			isa = PBXGroup;
			children = (
				F9841AA62DA56BDB0010B2AD /* Pods_RxSwiftBasic.framework */,
				F9841AA32DA56BBD0010B2AD /* SwiftyJSON.framework */,
				F9841A992DA56B810010B2AD /* RxCocoa.framework */,
				F9841A9A2DA56B810010B2AD /* RxRelay.framework */,
				F9841A9B2DA56B810010B2AD /* RxSwift.framework */,
				5013EA5AD3BE2883CC333EE6 /* Pods_RxSwiftBasic.framework */,
			);
			name = Frameworks;
			sourceTree = "<group>";
		};
		45D1D78FE46022BE99CF81AE /* Pods */ = {
			isa = PBXGroup;
			children = (
				7C9E4D9CE72045BE487408E1 /* Pods-RxSwiftBasic.debug.xcconfig */,
				98655A432E7FB330AE95847C /* Pods-RxSwiftBasic.release.xcconfig */,
			);
			path = Pods;
			sourceTree = "<group>";
		};
		F9841A572DA566230010B2AD = {
			isa = PBXGroup;
			children = (
				F9841A912DA5675F0010B2AD /* RxSwiftBasic */,
				F9841A612DA566230010B2AD /* Products */,
				45D1D78FE46022BE99CF81AE /* Pods */,
				1B660C085C1A408229223EAD /* Frameworks */,
			);
			sourceTree = "<group>";
		};
		F9841A612DA566230010B2AD /* Products */ = {
			isa = PBXGroup;
			children = (
				F9841A602DA566230010B2AD /* RxSwiftBasic.app */,
			);
			name = Products;
			sourceTree = "<group>";
		};
		F9841A912DA5675F0010B2AD /* RxSwiftBasic */ = {
			isa = PBXGroup;
			children = (
				F9841A882DA5675F0010B2AD /* AppDelegate.swift */,
				F9841A892DA5675F0010B2AD /* Assets.xcassets */,
				F9841A8A2DA5675F0010B2AD /* Info.plist */,
				F9841A8C2DA5675F0010B2AD /* LaunchScreen.storyboard */,
				F9841A8E2DA5675F0010B2AD /* Main.storyboard */,
				F9841A8F2DA5675F0010B2AD /* SceneDelegate.swift */,
				F9841A902DA5675F0010B2AD /* ViewController.swift */,
			);
			path = RxSwiftBasic;
			sourceTree = "<group>";
		};
/* End PBXGroup section */

/* Begin PBXNativeTarget section */
		F9841A5F2DA566230010B2AD /* RxSwiftBasic */ = {
			isa = PBXNativeTarget;
			buildConfigurationList = F9841A732DA566240010B2AD /* Build configuration list for PBXNativeTarget "RxSwiftBasic" */;
			buildPhases = (
				CF122DB7718C52110C974F79 /* [CP] Check Pods Manifest.lock */,
				F9841A5C2DA566230010B2AD /* Sources */,
				F9841A5D2DA566230010B2AD /* Frameworks */,
				F9841A5E2DA566230010B2AD /* Resources */,
				29BADAE70DD8A5DF89E06EF4 /* [CP] Embed Pods Frameworks */,
				F9841AA92DA56BDB0010B2AD /* Embed Frameworks */,
			);
			buildRules = (
			);
			dependencies = (
			);
			name = RxSwiftBasic;
			productName = RxSwiftBasic;
			productReference = F9841A602DA566230010B2AD /* RxSwiftBasic.app */;
			productType = "com.apple.product-type.application";
		};
/* End PBXNativeTarget section */

/* Begin PBXProject section */
		F9841A582DA566230010B2AD /* Project object */ = {
			isa = PBXProject;
			attributes = {
				BuildIndependentTargetsInParallel = 1;
				LastSwiftUpdateCheck = 1620;
				LastUpgradeCheck = 1620;
				TargetAttributes = {
					F9841A5F2DA566230010B2AD = {
						CreatedOnToolsVersion = 16.2;
					};
				};
			};
			buildConfigurationList = F9841A5B2DA566230010B2AD /* Build configuration list for PBXProject "RxSwiftBasic" */;
			developmentRegion = en;
			hasScannedForEncodings = 0;
			knownRegions = (
				en,
				Base,
			);
			mainGroup = F9841A572DA566230010B2AD;
			minimizedProjectReferenceProxies = 1;
			preferredProjectObjectVersion = 77;
			productRefGroup = F9841A612DA566230010B2AD /* Products */;
			projectDirPath = "";
			projectRoot = "";
			targets = (
				F9841A5F2DA566230010B2AD /* RxSwiftBasic */,
			);
		};
/* End PBXProject section */

/* Begin PBXResourcesBuildPhase section */
		F9841A5E2DA566230010B2AD /* Resources */ = {
			isa = PBXResourcesBuildPhase;
			buildActionMask = 2147483647;
			files = (
				F9841A922DA5675F0010B2AD /* Assets.xcassets in Resources */,
				F9841A942DA5675F0010B2AD /* LaunchScreen.storyboard in Resources */,
				F9841A952DA5675F0010B2AD /* Main.storyboard in Resources */,
			);
			runOnlyForDeploymentPostprocessing = 0;
		};
/* End PBXResourcesBuildPhase section */

/* Begin PBXShellScriptBuildPhase section */
		29BADAE70DD8A5DF89E06EF4 /* [CP] Embed Pods Frameworks */ = {
			isa = PBXShellScriptBuildPhase;
			buildActionMask = 2147483647;
			files = (
			);
			inputFileListPaths = (
				"${PODS_ROOT}/Target Support Files/Pods-RxSwiftBasic/Pods-RxSwiftBasic-frameworks-${CONFIGURATION}-input-files.xcfilelist",
			);
			name = "[CP] Embed Pods Frameworks";
			outputFileListPaths = (
				"${PODS_ROOT}/Target Support Files/Pods-RxSwiftBasic/Pods-RxSwiftBasic-frameworks-${CONFIGURATION}-output-files.xcfilelist",
			);
			runOnlyForDeploymentPostprocessing = 0;
			shellPath = /bin/sh;
			shellScript = "\"${PODS_ROOT}/Target Support Files/Pods-RxSwiftBasic/Pods-RxSwiftBasic-frameworks.sh\"\n";
			showEnvVarsInLog = 0;
		};
		CF122DB7718C52110C974F79 /* [CP] Check Pods Manifest.lock */ = {
			isa = PBXShellScriptBuildPhase;
			buildActionMask = 2147483647;
			files = (
			);
			inputFileListPaths = (
			);
			inputPaths = (
				"${PODS_PODFILE_DIR_PATH}/Podfile.lock",
				"${PODS_ROOT}/Manifest.lock",
			);
			name = "[CP] Check Pods Manifest.lock";
			outputFileListPaths = (
			);
			outputPaths = (
				"$(DERIVED_FILE_DIR)/Pods-RxSwiftBasic-checkManifestLockResult.txt",
			);
			runOnlyForDeploymentPostprocessing = 0;
			shellPath = /bin/sh;
			shellScript = "diff \"${PODS_PODFILE_DIR_PATH}/Podfile.lock\" \"${PODS_ROOT}/Manifest.lock\" > /dev/null\nif [ $? != 0 ] ; then\n    # print error to STDERR\n    echo \"error: The sandbox is not in sync with the Podfile.lock. Run 'pod install' or update your CocoaPods installation.\" >&2\n    exit 1\nfi\n# This output is used by Xcode 'outputs' to avoid re-running this script phase.\necho \"SUCCESS\" > \"${SCRIPT_OUTPUT_FILE_0}\"\n";
			showEnvVarsInLog = 0;
		};
/* End PBXShellScriptBuildPhase section */

/* Begin PBXSourcesBuildPhase section */
		F9841A5C2DA566230010B2AD /* Sources */ = {
			isa = PBXSourcesBuildPhase;
			buildActionMask = 2147483647;
			files = (
				F9841A962DA5675F0010B2AD /* AppDelegate.swift in Sources */,
				F9841A972DA5675F0010B2AD /* SceneDelegate.swift in Sources */,
				F9841A982DA5675F0010B2AD /* ViewController.swift in Sources */,
			);
			runOnlyForDeploymentPostprocessing = 0;
		};
/* End PBXSourcesBuildPhase section */

/* Begin PBXVariantGroup section */
		F9841A8C2DA5675F0010B2AD /* LaunchScreen.storyboard */ = {
			isa = PBXVariantGroup;
			children = (
				F9841A8B2DA5675F0010B2AD /* Base */,
			);
			name = LaunchScreen.storyboard;
			sourceTree = "<group>";
		};
		F9841A8E2DA5675F0010B2AD /* Main.storyboard */ = {
			isa = PBXVariantGroup;
			children = (
				F9841A8D2DA5675F0010B2AD /* Base */,
			);
			name = Main.storyboard;
			sourceTree = "<group>";
		};
/* End PBXVariantGroup section */

/* Begin XCBuildConfiguration section */
		F9841A742DA566240010B2AD /* Debug */ = {
			isa = XCBuildConfiguration;
			baseConfigurationReference = 7C9E4D9CE72045BE487408E1 /* Pods-RxSwiftBasic.debug.xcconfig */;
			buildSettings = {
				ASSETCATALOG_COMPILER_APPICON_NAME = AppIcon;
				ASSETCATALOG_COMPILER_GLOBAL_ACCENT_COLOR_NAME = AccentColor;
				CODE_SIGN_STYLE = Automatic;
				CURRENT_PROJECT_VERSION = 1;
				ENABLE_USER_SCRIPT_SANDBOXING = NO;
				GENERATE_INFOPLIST_FILE = YES;
				INFOPLIST_FILE = RxSwiftBasic/Info.plist;
				INFOPLIST_KEY_UIApplicationSupportsIndirectInputEvents = YES;
				INFOPLIST_KEY_UILaunchStoryboardName = LaunchScreen;
				INFOPLIST_KEY_UIMainStoryboardFile = Main;
				INFOPLIST_KEY_UISupportedInterfaceOrientations_iPad = "UIInterfaceOrientationPortrait UIInterfaceOrientationPortraitUpsideDown UIInterfaceOrientationLandscapeLeft UIInterfaceOrientationLandscapeRight";
				INFOPLIST_KEY_UISupportedInterfaceOrientations_iPhone = "UIInterfaceOrientationPortrait UIInterfaceOrientationLandscapeLeft UIInterfaceOrientationLandscapeRight";
				IPHONEOS_DEPLOYMENT_TARGET = 16.6;
				LD_RUNPATH_SEARCH_PATHS = (
					"$(inherited)",
					"@executable_path/Frameworks",
				);
				MARKETING_VERSION = 1.0;
				PRODUCT_BUNDLE_IDENTIFIER = com.junil.RxSwiftBasic;
				PRODUCT_NAME = "$(TARGET_NAME)";
				SUPPORTED_PLATFORMS = "iphoneos iphonesimulator";
				SUPPORTS_MACCATALYST = NO;
				SUPPORTS_MAC_DESIGNED_FOR_IPHONE_IPAD = NO;
				SUPPORTS_XR_DESIGNED_FOR_IPHONE_IPAD = NO;
				SWIFT_EMIT_LOC_STRINGS = YES;
				SWIFT_VERSION = 5.0;
				TARGETED_DEVICE_FAMILY = 1;
			};
			name = Debug;
		};
		F9841A752DA566240010B2AD /* Release */ = {
			isa = XCBuildConfiguration;
			baseConfigurationReference = 98655A432E7FB330AE95847C /* Pods-RxSwiftBasic.release.xcconfig */;
			buildSettings = {
				ASSETCATALOG_COMPILER_APPICON_NAME = AppIcon;
				ASSETCATALOG_COMPILER_GLOBAL_ACCENT_COLOR_NAME = AccentColor;
				CODE_SIGN_STYLE = Automatic;
				CURRENT_PROJECT_VERSION = 1;
				ENABLE_USER_SCRIPT_SANDBOXING = NO;
				GENERATE_INFOPLIST_FILE = YES;
				INFOPLIST_FILE = RxSwiftBasic/Info.plist;
				INFOPLIST_KEY_UIApplicationSupportsIndirectInputEvents = YES;
				INFOPLIST_KEY_UILaunchStoryboardName = LaunchScreen;
				INFOPLIST_KEY_UIMainStoryboardFile = Main;
				INFOPLIST_KEY_UISupportedInterfaceOrientations_iPad = "UIInterfaceOrientationPortrait UIInterfaceOrientationPortraitUpsideDown UIInterfaceOrientationLandscapeLeft UIInterfaceOrientationLandscapeRight";
				INFOPLIST_KEY_UISupportedInterfaceOrientations_iPhone = "UIInterfaceOrientationPortrait UIInterfaceOrientationLandscapeLeft UIInterfaceOrientationLandscapeRight";
				IPHONEOS_DEPLOYMENT_TARGET = 16.6;
				LD_RUNPATH_SEARCH_PATHS = (
					"$(inherited)",
					"@executable_path/Frameworks",
				);
				MARKETING_VERSION = 1.0;
				PRODUCT_BUNDLE_IDENTIFIER = com.junil.RxSwiftBasic;
				PRODUCT_NAME = "$(TARGET_NAME)";
				SUPPORTED_PLATFORMS = "iphoneos iphonesimulator";
				SUPPORTS_MACCATALYST = NO;
				SUPPORTS_MAC_DESIGNED_FOR_IPHONE_IPAD = NO;
				SUPPORTS_XR_DESIGNED_FOR_IPHONE_IPAD = NO;
				SWIFT_EMIT_LOC_STRINGS = YES;
				SWIFT_VERSION = 5.0;
				TARGETED_DEVICE_FAMILY = 1;
			};
			name = Release;
		};
		F9841A762DA566240010B2AD /* Debug */ = {
			isa = XCBuildConfiguration;
			buildSettings = {
				ALWAYS_SEARCH_USER_PATHS = NO;
				ASSETCATALOG_COMPILER_GENERATE_SWIFT_ASSET_SYMBOL_EXTENSIONS = YES;
				CLANG_ANALYZER_NONNULL = YES;
				CLANG_ANALYZER_NUMBER_OBJECT_CONVERSION = YES_AGGRESSIVE;
				CLANG_CXX_LANGUAGE_STANDARD = "gnu++20";
				CLANG_ENABLE_MODULES = YES;
				CLANG_ENABLE_OBJC_ARC = YES;
				CLANG_ENABLE_OBJC_WEAK = YES;
				CLANG_WARN_BLOCK_CAPTURE_AUTORELEASING = YES;
				CLANG_WARN_BOOL_CONVERSION = YES;
				CLANG_WARN_COMMA = YES;
				CLANG_WARN_CONSTANT_CONVERSION = YES;
				CLANG_WARN_DEPRECATED_OBJC_IMPLEMENTATIONS = YES;
				CLANG_WARN_DIRECT_OBJC_ISA_USAGE = YES_ERROR;
				CLANG_WARN_DOCUMENTATION_COMMENTS = YES;
				CLANG_WARN_EMPTY_BODY = YES;
				CLANG_WARN_ENUM_CONVERSION = YES;
				CLANG_WARN_INFINITE_RECURSION = YES;
				CLANG_WARN_INT_CONVERSION = YES;
				CLANG_WARN_NON_LITERAL_NULL_CONVERSION = YES;
				CLANG_WARN_OBJC_IMPLICIT_RETAIN_SELF = YES;
				CLANG_WARN_OBJC_LITERAL_CONVERSION = YES;
				CLANG_WARN_OBJC_ROOT_CLASS = YES_ERROR;
				CLANG_WARN_QUOTED_INCLUDE_IN_FRAMEWORK_HEADER = YES;
				CLANG_WARN_RANGE_LOOP_ANALYSIS = YES;
				CLANG_WARN_STRICT_PROTOTYPES = YES;
				CLANG_WARN_SUSPICIOUS_MOVE = YES;
				CLANG_WARN_UNGUARDED_AVAILABILITY = YES_AGGRESSIVE;
				CLANG_WARN_UNREACHABLE_CODE = YES;
				CLANG_WARN__DUPLICATE_METHOD_MATCH = YES;
				COPY_PHASE_STRIP = NO;
				DEBUG_INFORMATION_FORMAT = dwarf;
				ENABLE_STRICT_OBJC_MSGSEND = YES;
				ENABLE_TESTABILITY = YES;
				ENABLE_USER_SCRIPT_SANDBOXING = YES;
				GCC_C_LANGUAGE_STANDARD = gnu17;
				GCC_DYNAMIC_NO_PIC = NO;
				GCC_NO_COMMON_BLOCKS = YES;
				GCC_OPTIMIZATION_LEVEL = 0;
				GCC_PREPROCESSOR_DEFINITIONS = (
					"DEBUG=1",
					"$(inherited)",
				);
				GCC_WARN_64_TO_32_BIT_CONVERSION = YES;
				GCC_WARN_ABOUT_RETURN_TYPE = YES_ERROR;
				GCC_WARN_UNDECLARED_SELECTOR = YES;
				GCC_WARN_UNINITIALIZED_AUTOS = YES_AGGRESSIVE;
				GCC_WARN_UNUSED_FUNCTION = YES;
				GCC_WARN_UNUSED_VARIABLE = YES;
				IPHONEOS_DEPLOYMENT_TARGET = 18.2;
				LOCALIZATION_PREFERS_STRING_CATALOGS = YES;
				MTL_ENABLE_DEBUG_INFO = INCLUDE_SOURCE;
				MTL_FAST_MATH = YES;
				ONLY_ACTIVE_ARCH = YES;
				SDKROOT = iphoneos;
				SWIFT_ACTIVE_COMPILATION_CONDITIONS = "DEBUG $(inherited)";
				SWIFT_OPTIMIZATION_LEVEL = "-Onone";
			};
			name = Debug;
		};
		F9841A772DA566240010B2AD /* Release */ = {
			isa = XCBuildConfiguration;
			buildSettings = {
				ALWAYS_SEARCH_USER_PATHS = NO;
				ASSETCATALOG_COMPILER_GENERATE_SWIFT_ASSET_SYMBOL_EXTENSIONS = YES;
				CLANG_ANALYZER_NONNULL = YES;
				CLANG_ANALYZER_NUMBER_OBJECT_CONVERSION = YES_AGGRESSIVE;
				CLANG_CXX_LANGUAGE_STANDARD = "gnu++20";
				CLANG_ENABLE_MODULES = YES;
				CLANG_ENABLE_OBJC_ARC = YES;
				CLANG_ENABLE_OBJC_WEAK = YES;
				CLANG_WARN_BLOCK_CAPTURE_AUTORELEASING = YES;
				CLANG_WARN_BOOL_CONVERSION = YES;
				CLANG_WARN_COMMA = YES;
				CLANG_WARN_CONSTANT_CONVERSION = YES;
				CLANG_WARN_DEPRECATED_OBJC_IMPLEMENTATIONS = YES;
				CLANG_WARN_DIRECT_OBJC_ISA_USAGE = YES_ERROR;
				CLANG_WARN_DOCUMENTATION_COMMENTS = YES;
				CLANG_WARN_EMPTY_BODY = YES;
				CLANG_WARN_ENUM_CONVERSION = YES;
				CLANG_WARN_INFINITE_RECURSION = YES;
				CLANG_WARN_INT_CONVERSION = YES;
				CLANG_WARN_NON_LITERAL_NULL_CONVERSION = YES;
				CLANG_WARN_OBJC_IMPLICIT_RETAIN_SELF = YES;
				CLANG_WARN_OBJC_LITERAL_CONVERSION = YES;
				CLANG_WARN_OBJC_ROOT_CLASS = YES_ERROR;
				CLANG_WARN_QUOTED_INCLUDE_IN_FRAMEWORK_HEADER = YES;
				CLANG_WARN_RANGE_LOOP_ANALYSIS = YES;
				CLANG_WARN_STRICT_PROTOTYPES = YES;
				CLANG_WARN_SUSPICIOUS_MOVE = YES;
				CLANG_WARN_UNGUARDED_AVAILABILITY = YES_AGGRESSIVE;
				CLANG_WARN_UNREACHABLE_CODE = YES;
				CLANG_WARN__DUPLICATE_METHOD_MATCH = YES;
				COPY_PHASE_STRIP = NO;
				DEBUG_INFORMATION_FORMAT = "dwarf-with-dsym";
				ENABLE_NS_ASSERTIONS = NO;
				ENABLE_STRICT_OBJC_MSGSEND = YES;
				ENABLE_USER_SCRIPT_SANDBOXING = YES;
				GCC_C_LANGUAGE_STANDARD = gnu17;
				GCC_NO_COMMON_BLOCKS = YES;
				GCC_WARN_64_TO_32_BIT_CONVERSION = YES;
				GCC_WARN_ABOUT_RETURN_TYPE = YES_ERROR;
				GCC_WARN_UNDECLARED_SELECTOR = YES;
				GCC_WARN_UNINITIALIZED_AUTOS = YES_AGGRESSIVE;
				GCC_WARN_UNUSED_FUNCTION = YES;
				GCC_WARN_UNUSED_VARIABLE = YES;
				IPHONEOS_DEPLOYMENT_TARGET = 18.2;
				LOCALIZATION_PREFERS_STRING_CATALOGS = YES;
				MTL_ENABLE_DEBUG_INFO = NO;
				MTL_FAST_MATH = YES;
				SDKROOT = iphoneos;
				SWIFT_COMPILATION_MODE = wholemodule;
				VALIDATE_PRODUCT = YES;
			};
			name = Release;
		};
/* End XCBuildConfiguration section */

/* Begin XCConfigurationList section */
		F9841A5B2DA566230010B2AD /* Build configuration list for PBXProject "RxSwiftBasic" */ = {
			isa = XCConfigurationList;
			buildConfigurations = (
				F9841A762DA566240010B2AD /* Debug */,
				F9841A772DA566240010B2AD /* Release */,
			);
			defaultConfigurationIsVisible = 0;
			defaultConfigurationName = Release;
		};
		F9841A732DA566240010B2AD /* Build configuration list for PBXNativeTarget "RxSwiftBasic" */ = {
			isa = XCConfigurationList;
			buildConfigurations = (
				F9841A742DA566240010B2AD /* Debug */,
				F9841A752DA566240010B2AD /* Release */,
			);
			defaultConfigurationIsVisible = 0;
			defaultConfigurationName = Release;
		};
/* End XCConfigurationList section */
	};
	rootObject = F9841A582DA566230010B2AD /* Project object */;
}
